
Microsoft Visual Studio Solution File, Format Version 12.00
# Visual Studio Version 17
VisualStudioVersion = 17.4.33213.308
MinimumVisualStudioVersion = 10.0.40219.1
Project("{FAE04EC0-301F-11D3-BF4B-00C04F79EFBC}") = "HangFireDemo", "HangFireDemo\HangFireDemo.csproj", "{D27AE4CA-146C-42C2-B4D8-3530ADD236F3}"
EndProject
Global
	GlobalSection(SolutionConfigurationPlatforms) = preSolution
		Debug|Any CPU = Debug|Any CPU
		Release|Any CPU = Release|Any CPU
	EndGlobalSection
	GlobalSection(ProjectConfigurationPlatforms) = postSolution
		{D27AE4CA-146C-42C2-B4D8-3530ADD236F3}.Debug|Any CPU.ActiveCfg = Debug|Any CPU
		{D27AE4CA-146C-42C2-B4D8-3530ADD236F3}.Debug|Any CPU.Build.0 = Debug|Any CPU
		{D27AE4CA-146C-42C2-B4D8-3530ADD236F3}.Release|Any CPU.ActiveCfg = Release|Any CPU
		{D27AE4CA-146C-42C2-B4D8-3530ADD236F3}.Release|Any CPU.Build.0 = Release|Any CPU
	EndGlobalSection
	GlobalSection(SolutionProperties) = preSolution
		HideSolutionNode = FALSE
	EndGlobalSection
	GlobalSection(ExtensibilityGlobals) = postSolution
		SolutionGuid = {2FDDE6E2-902F-4813-B355-5A7B69E3DC5E}
	EndGlobalSection
EndGlobal
